// !$*UTF8*$!
{
	archiveVersion = 1;
	classes = {
	};
	objectVersion = 50;
	objects = {

/* Begin PBXBuildFile section */
		16E5516E252E163D00639CCD /* AppDelegate.swift in Sources */ = {isa = PBXBuildFile; fileRef = 16E5516D252E163D00639CCD /* AppDelegate.swift */; };
		16E55170252E163D00639CCD /* SceneDelegate.swift in Sources */ = {isa = PBXBuildFile; fileRef = 16E5516F252E163D00639CCD /* SceneDelegate.swift */; };
		16E55172252E163D00639CCD /* ViewController.swift in Sources */ = {isa = PBXBuildFile; fileRef = 16E55171252E163D00639CCD /* ViewController.swift */; };
		16E55175252E163D00639CCD /* Main.storyboard in Resources */ = {isa = PBXBuildFile; fileRef = 16E55173252E163D00639CCD /* Main.storyboard */; };
		16E55177252E163F00639CCD /* Assets.xcassets in Resources */ = {isa = PBXBuildFile; fileRef = 16E55176252E163F00639CCD /* Assets.xcassets */; };
		16E5517A252E163F00639CCD /* LaunchScreen.storyboard in Resources */ = {isa = PBXBuildFile; fileRef = 16E55178252E163F00639CCD /* LaunchScreen.storyboard */; };
		16E55185252E163F00639CCD /* projectTests.swift in Sources */ = {isa = PBXBuildFile; fileRef = 16E55184252E163F00639CCD /* projectTests.swift */; };
		16E55190252E163F00639CCD /* projectUITests.swift in Sources */ = {isa = PBXBuildFile; fileRef = 16E5518F252E163F00639CCD /* projectUITests.swift */; };
/* End PBXBuildFile section */

/* Begin PBXContainerItemProxy section */
		16E55181252E163F00639CCD /* PBXContainerItemProxy */ = {
			isa = PBXContainerItemProxy;
			containerPortal = 16E55162252E163D00639CCD /* Project object */;
			proxyType = 1;
			remoteGlobalIDString = 16E55169252E163D00639CCD;
			remoteInfo = project;
		};
		16E5518C252E163F00639CCD /* PBXContainerItemProxy */ = {
			isa = PBXContainerItemProxy;
			containerPortal = 16E55162252E163D00639CCD /* Project object */;
			proxyType = 1;
			remoteGlobalIDString = 16E55169252E163D00639CCD;
			remoteInfo = project;
		};
/* End PBXContainerItemProxy section */

/* Begin PBXFileReference section */
		16E5516A252E163D00639CCD /* project.app */ = {isa = PBXFileReference; explicitFileType = wrapper.application; includeInIndex = 0; path = project.app; sourceTree = BUILT_PRODUCTS_DIR; };
		16E5516D252E163D00639CCD /* AppDelegate.swift */ = {isa = PBXFileReference; lastKnownFileType = sourcecode.swift; path = AppDelegate.swift; sourceTree = "<group>"; };
		16E5516F252E163D00639CCD /* SceneDelegate.swift */ = {isa = PBXFileReference; lastKnownFileType = sourcecode.swift; path = SceneDelegate.swift; sourceTree = "<group>"; };
		16E55171252E163D00639CCD /* ViewController.swift */ = {isa = PBXFileReference; lastKnownFileType = sourcecode.swift; path = ViewController.swift; sourceTree = "<group>"; };
		16E55174252E163D00639CCD /* Base */ = {isa = PBXFileReference; lastKnownFileType = file.storyboard; name = Base; path = Base.lproj/Main.storyboard; sourceTree = "<group>"; };
		16E55176252E163F00639CCD /* Assets.xcassets */ = {isa = PBXFileReference; lastKnownFileType = folder.assetcatalog; path = Assets.xcassets; sourceTree = "<group>"; };
		16E55179252E163F00639CCD /* Base */ = {isa = PBXFileReference; lastKnownFileType = file.storyboard; name = Base; path = Base.lproj/LaunchScreen.storyboard; sourceTree = "<group>"; };
		16E5517B252E163F00639CCD /* Info.plist */ = {isa = PBXFileReference; lastKnownFileType = text.plist.xml; path = Info.plist; sourceTree = "<group>"; };
		16E55180252E163F00639CCD /* projectTests.xctest */ = {isa = PBXFileReference; explicitFileType = wrapper.cfbundle; includeInIndex = 0; path = projectTests.xctest; sourceTree = BUILT_PRODUCTS_DIR; };
		16E55184252E163F00639CCD /* projectTests.swift */ = {isa = PBXFileReference; lastKnownFileType = sourcecode.swift; path = projectTests.swift; sourceTree = "<group>"; };
		16E55186252E163F00639CCD /* Info.plist */ = {isa = PBXFileReference; lastKnownFileType = text.plist.xml; path = Info.plist; sourceTree = "<group>"; };
		16E5518B252E163F00639CCD /* projectUITests.xctest */ = {isa = PBXFileReference; explicitFileType = wrapper.cfbundle; includeInIndex = 0; path = projectUITests.xctest; sourceTree = BUILT_PRODUCTS_DIR; };
		16E5518F252E163F00639CCD /* projectUITests.swift */ = {isa = PBXFileReference; lastKnownFileType = sourcecode.swift; path = projectUITests.swift; sourceTree = "<group>"; };
		16E55191252E164000639CCD /* Info.plist */ = {isa = PBXFileReference; lastKnownFileType = text.plist.xml; path = Info.plist; sourceTree = "<group>"; };
/* End PBXFileReference section */

/* Begin PBXFrameworksBuildPhase section */
		16E55167252E163D00639CCD /* Frameworks */ = {
			isa = PBXFrameworksBuildPhase;
			buildActionMask = 2147483647;
			files = (
			);
			runOnlyForDeploymentPostprocessing = 0;
		};
		16E5517D252E163F00639CCD /* Frameworks */ = {
			isa = PBXFrameworksBuildPhase;
			buildActionMask = 2147483647;
			files = (
			);
			runOnlyForDeploymentPostprocessing = 0;
		};
		16E55188252E163F00639CCD /* Frameworks */ = {
			isa = PBXFrameworksBuildPhase;
			buildActionMask = 2147483647;
			files = (
			);
			runOnlyForDeploymentPostprocessing = 0;
		};
/* End PBXFrameworksBuildPhase section */

/* Begin PBXGroup section */
		16E55161252E163D00639CCD = {
			isa = PBXGroup;
			children = (
				16E5516C252E163D00639CCD /* project */,
				16E55183252E163F00639CCD /* projectTests */,
				16E5518E252E163F00639CCD /* projectUITests */,
				16E5516B252E163D00639CCD /* Products */,
			);
			sourceTree = "<group>";
		};
		16E5516B252E163D00639CCD /* Products */ = {
			isa = PBXGroup;
			children = (
				16E5516A252E163D00639CCD /* project.app */,
				16E55180252E163F00639CCD /* projectTests.xctest */,
				16E5518B252E163F00639CCD /* projectUITests.xctest */,
			);
			name = Products;
			sourceTree = "<group>";
		};
		16E5516C252E163D00639CCD /* project */ = {
			isa = PBXGroup;
			children = (
				16E5516D252E163D00639CCD /* AppDelegate.swift */,
				16E5516F252E163D00639CCD /* SceneDelegate.swift */,
				16E55171252E163D00639CCD /* ViewController.swift */,
				16E55173252E163D00639CCD /* Main.storyboard */,
				16E55176252E163F00639CCD /* Assets.xcassets */,
				16E55178252E163F00639CCD /* LaunchScreen.storyboard */,
				16E5517B252E163F00639CCD /* Info.plist */,
			);
			path = project;
			sourceTree = "<group>";
		};
		16E55183252E163F00639CCD /* projectTests */ = {
			isa = PBXGroup;
			children = (
				16E55184252E163F00639CCD /* projectTests.swift */,
				16E55186252E163F00639CCD /* Info.plist */,
			);
			path = projectTests;
			sourceTree = "<group>";
		};
		16E5518E252E163F00639CCD /* projectUITests */ = {
			isa = PBXGroup;
			children = (
				16E5518F252E163F00639CCD /* projectUITests.swift */,
				16E55191252E164000639CCD /* Info.plist */,
			);
			path = projectUITests;
			sourceTree = "<group>";
		};
/* End PBXGroup section */

/* Begin PBXNativeTarget section */
		16E55169252E163D00639CCD /* project */ = {
			isa = PBXNativeTarget;
			buildConfigurationList = 16E55194252E164000639CCD /* Build configuration list for PBXNativeTarget "project" */;
			buildPhases = (
				16E55166252E163D00639CCD /* Sources */,
				16E55167252E163D00639CCD /* Frameworks */,
				16E55168252E163D00639CCD /* Resources */,
			);
			buildRules = (
			);
			dependencies = (
			);
			name = project;
			productName = project;
			productReference = 16E5516A252E163D00639CCD /* project.app */;
			productType = "com.apple.product-type.application";
		};
		16E5517F252E163F00639CCD /* projectTests */ = {
			isa = PBXNativeTarget;
			buildConfigurationList = 16E55197252E164000639CCD /* Build configuration list for PBXNativeTarget "projectTests" */;
			buildPhases = (
				16E5517C252E163F00639CCD /* Sources */,
				16E5517D252E163F00639CCD /* Frameworks */,
				16E5517E252E163F00639CCD /* Resources */,
			);
			buildRules = (
			);
			dependencies = (
				16E55182252E163F00639CCD /* PBXTargetDependency */,
			);
			name = projectTests;
			productName = projectTests;
			productReference = 16E55180252E163F00639CCD /* projectTests.xctest */;
			productType = "com.apple.product-type.bundle.unit-test";
		};
		16E5518A252E163F00639CCD /* projectUITests */ = {
			isa = PBXNativeTarget;
			buildConfigurationList = 16E5519A252E164000639CCD /* Build configuration list for PBXNativeTarget "projectUITests" */;
			buildPhases = (
				16E55187252E163F00639CCD /* Sources */,
				16E55188252E163F00639CCD /* Frameworks */,
				16E55189252E163F00639CCD /* Resources */,
			);
			buildRules = (
			);
			dependencies = (
				16E5518D252E163F00639CCD /* PBXTargetDependency */,
			);
			name = projectUITests;
			productName = projectUITests;
			productReference = 16E5518B252E163F00639CCD /* projectUITests.xctest */;
			productType = "com.apple.product-type.bundle.ui-testing";
		};
/* End PBXNativeTarget section */

/* Begin PBXProject section */
		16E55162252E163D00639CCD /* Project object */ = {
			isa = PBXProject;
			attributes = {
				LastSwiftUpdateCheck = 1200;
				LastUpgradeCheck = 1200;
				TargetAttributes = {
					16E55169252E163D00639CCD = {
						CreatedOnToolsVersion = 12.0.1;
					};
					16E5517F252E163F00639CCD = {
						CreatedOnToolsVersion = 12.0.1;
						TestTargetID = 16E55169252E163D00639CCD;
					};
					16E5518A252E163F00639CCD = {
						CreatedOnToolsVersion = 12.0.1;
						TestTargetID = 16E55169252E163D00639CCD;
					};
				};
			};
			buildConfigurationList = 16E55165252E163D00639CCD /* Build configuration list for PBXProject "project" */;
			compatibilityVersion = "Xcode 9.3";
			developmentRegion = en;
			hasScannedForEncodings = 0;
			knownRegions = (
				en,
				Base,
			);
			mainGroup = 16E55161252E163D00639CCD;
			productRefGroup = 16E5516B252E163D00639CCD /* Products */;
			projectDirPath = "";
			projectRoot = "";
			targets = (
				16E55169252E163D00639CCD /* project */,
				16E5517F252E163F00639CCD /* projectTests */,
				16E5518A252E163F00639CCD /* projectUITests */,
			);
		};
/* End PBXProject section */

/* Begin PBXResourcesBuildPhase section */
		16E55168252E163D00639CCD /* Resources */ = {
			isa = PBXResourcesBuildPhase;
			buildActionMask = 2147483647;
			files = (
				16E5517A252E163F00639CCD /* LaunchScreen.storyboard in Resources */,
				16E55177252E163F00639CCD /* Assets.xcassets in Resources */,
				16E55175252E163D00639CCD /* Main.storyboard in Resources */,
			);
			runOnlyForDeploymentPostprocessing = 0;
		};
		16E5517E252E163F00639CCD /* Resources */ = {
			isa = PBXResourcesBuildPhase;
			buildActionMask = 2147483647;
			files = (
			);
			runOnlyForDeploymentPostprocessing = 0;
		};
		16E55189252E163F00639CCD /* Resources */ = {
			isa = PBXResourcesBuildPhase;
			buildActionMask = 2147483647;
			files = (
			);
			runOnlyForDeploymentPostprocessing = 0;
		};
/* End PBXResourcesBuildPhase section */

/* Begin PBXSourcesBuildPhase section */
		16E55166252E163D00639CCD /* Sources */ = {
			isa = PBXSourcesBuildPhase;
			buildActionMask = 2147483647;
			files = (
				16E55172252E163D00639CCD /* ViewController.swift in Sources */,
				16E5516E252E163D00639CCD /* AppDelegate.swift in Sources */,
				16E55170252E163D00639CCD /* SceneDelegate.swift in Sources */,
			);
			runOnlyForDeploymentPostprocessing = 0;
		};
		16E5517C252E163F00639CCD /* Sources */ = {
			isa = PBXSourcesBuildPhase;
			buildActionMask = 2147483647;
			files = (
				16E55185252E163F00639CCD /* projectTests.swift in Sources */,
			);
			runOnlyForDeploymentPostprocessing = 0;
		};
		16E55187252E163F00639CCD /* Sources */ = {
			isa = PBXSourcesBuildPhase;
			buildActionMask = 2147483647;
			files = (
				16E55190252E163F00639CCD /* projectUITests.swift in Sources */,
			);
			runOnlyForDeploymentPostprocessing = 0;
		};
/* End PBXSourcesBuildPhase section */

/* Begin PBXTargetDependency section */
		16E55182252E163F00639CCD /* PBXTargetDependency */ = {
			isa = PBXTargetDependency;
			target = 16E55169252E163D00639CCD /* project */;
			targetProxy = 16E55181252E163F00639CCD /* PBXContainerItemProxy */;
		};
		16E5518D252E163F00639CCD /* PBXTargetDependency */ = {
			isa = PBXTargetDependency;
			target = 16E55169252E163D00639CCD /* project */;
			targetProxy = 16E5518C252E163F00639CCD /* PBXContainerItemProxy */;
		};
/* End PBXTargetDependency section */

/* Begin PBXVariantGroup section */
		16E55173252E163D00639CCD /* Main.storyboard */ = {
			isa = PBXVariantGroup;
			children = (
				16E55174252E163D00639CCD /* Base */,
			);
			name = Main.storyboard;
			sourceTree = "<group>";
		};
		16E55178252E163F00639CCD /* LaunchScreen.storyboard */ = {
			isa = PBXVariantGroup;
			children = (
				16E55179252E163F00639CCD /* Base */,
			);
			name = LaunchScreen.storyboard;
			sourceTree = "<group>";
		};
/* End PBXVariantGroup section */

/* Begin XCBuildConfiguration section */
		16E55192252E164000639CCD /* Debug */ = {
			isa = XCBuildConfiguration;
			buildSettings = {
				ALWAYS_SEARCH_USER_PATHS = NO;
				CLANG_ANALYZER_NONNULL = YES;
				CLANG_ANALYZER_NUMBER_OBJECT_CONVERSION = YES_AGGRESSIVE;
				CLANG_CXX_LANGUAGE_STANDARD = "gnu++14";
				CLANG_CXX_LIBRARY = "libc++";
				CLANG_ENABLE_MODULES = YES;
				CLANG_ENABLE_OBJC_ARC = YES;
				CLANG_ENABLE_OBJC_WEAK = YES;
				CLANG_WARN_BLOCK_CAPTURE_AUTORELEASING = YES;
				CLANG_WARN_BOOL_CONVERSION = YES;
				CLANG_WARN_COMMA = YES;
				CLANG_WARN_CONSTANT_CONVERSION = YES;
				CLANG_WARN_DEPRECATED_OBJC_IMPLEMENTATIONS = YES;
				CLANG_WARN_DIRECT_OBJC_ISA_USAGE = YES_ERROR;
				CLANG_WARN_DOCUMENTATION_COMMENTS = YES;
				CLANG_WARN_EMPTY_BODY = YES;
				CLANG_WARN_ENUM_CONVERSION = YES;
				CLANG_WARN_INFINITE_RECURSION = YES;
				CLANG_WARN_INT_CONVERSION = YES;
				CLANG_WARN_NON_LITERAL_NULL_CONVERSION = YES;
				CLANG_WARN_OBJC_IMPLICIT_RETAIN_SELF = YES;
				CLANG_WARN_OBJC_LITERAL_CONVERSION = YES;
				CLANG_WARN_OBJC_ROOT_CLASS = YES_ERROR;
				CLANG_WARN_QUOTED_INCLUDE_IN_FRAMEWORK_HEADER = YES;
				CLANG_WARN_RANGE_LOOP_ANALYSIS = YES;
				CLANG_WARN_STRICT_PROTOTYPES = YES;
				CLANG_WARN_SUSPICIOUS_MOVE = YES;
				CLANG_WARN_UNGUARDED_AVAILABILITY = YES_AGGRESSIVE;
				CLANG_WARN_UNREACHABLE_CODE = YES;
				CLANG_WARN__DUPLICATE_METHOD_MATCH = YES;
				COPY_PHASE_STRIP = NO;
				DEBUG_INFORMATION_FORMAT = dwarf;
				ENABLE_STRICT_OBJC_MSGSEND = YES;
				ENABLE_TESTABILITY = YES;
				GCC_C_LANGUAGE_STANDARD = gnu11;
				GCC_DYNAMIC_NO_PIC = NO;
				GCC_NO_COMMON_BLOCKS = YES;
				GCC_OPTIMIZATION_LEVEL = 0;
				GCC_PREPROCESSOR_DEFINITIONS = (
					"DEBUG=1",
					"$(inherited)",
				);
				GCC_WARN_64_TO_32_BIT_CONVERSION = YES;
				GCC_WARN_ABOUT_RETURN_TYPE = YES_ERROR;
				GCC_WARN_UNDECLARED_SELECTOR = YES;
				GCC_WARN_UNINITIALIZED_AUTOS = YES_AGGRESSIVE;
				GCC_WARN_UNUSED_FUNCTION = YES;
				GCC_WARN_UNUSED_VARIABLE = YES;
				IPHONEOS_DEPLOYMENT_TARGET = 14.0;
				MTL_ENABLE_DEBUG_INFO = INCLUDE_SOURCE;
				MTL_FAST_MATH = YES;
				ONLY_ACTIVE_ARCH = YES;
				SDKROOT = iphoneos;
				SWIFT_ACTIVE_COMPILATION_CONDITIONS = DEBUG;
				SWIFT_OPTIMIZATION_LEVEL = "-Onone";
			};
			name = Debug;
		};
		16E55193252E164000639CCD /* Release */ = {
			isa = XCBuildConfiguration;
			buildSettings = {
				ALWAYS_SEARCH_USER_PATHS = NO;
				CLANG_ANALYZER_NONNULL = YES;
				CLANG_ANALYZER_NUMBER_OBJECT_CONVERSION = YES_AGGRESSIVE;
				CLANG_CXX_LANGUAGE_STANDARD = "gnu++14";
				CLANG_CXX_LIBRARY = "libc++";
				CLANG_ENABLE_MODULES = YES;
				CLANG_ENABLE_OBJC_ARC = YES;
				CLANG_ENABLE_OBJC_WEAK = YES;
				CLANG_WARN_BLOCK_CAPTURE_AUTORELEASING = YES;
				CLANG_WARN_BOOL_CONVERSION = YES;
				CLANG_WARN_COMMA = YES;
				CLANG_WARN_CONSTANT_CONVERSION = YES;
				CLANG_WARN_DEPRECATED_OBJC_IMPLEMENTATIONS = YES;
				CLANG_WARN_DIRECT_OBJC_ISA_USAGE = YES_ERROR;
				CLANG_WARN_DOCUMENTATION_COMMENTS = YES;
				CLANG_WARN_EMPTY_BODY = YES;
				CLANG_WARN_ENUM_CONVERSION = YES;
				CLANG_WARN_INFINITE_RECURSION = YES;
				CLANG_WARN_INT_CONVERSION = YES;
				CLANG_WARN_NON_LITERAL_NULL_CONVERSION = YES;
				CLANG_WARN_OBJC_IMPLICIT_RETAIN_SELF = YES;
				CLANG_WARN_OBJC_LITERAL_CONVERSION = YES;
				CLANG_WARN_OBJC_ROOT_CLASS = YES_ERROR;
				CLANG_WARN_QUOTED_INCLUDE_IN_FRAMEWORK_HEADER = YES;
				CLANG_WARN_RANGE_LOOP_ANALYSIS = YES;
				CLANG_WARN_STRICT_PROTOTYPES = YES;
				CLANG_WARN_SUSPICIOUS_MOVE = YES;
				CLANG_WARN_UNGUARDED_AVAILABILITY = YES_AGGRESSIVE;
				CLANG_WARN_UNREACHABLE_CODE = YES;
				CLANG_WARN__DUPLICATE_METHOD_MATCH = YES;
				COPY_PHASE_STRIP = NO;
				DEBUG_INFORMATION_FORMAT = "dwarf-with-dsym";
				ENABLE_NS_ASSERTIONS = NO;
				ENABLE_STRICT_OBJC_MSGSEND = YES;
				GCC_C_LANGUAGE_STANDARD = gnu11;
				GCC_NO_COMMON_BLOCKS = YES;
				GCC_WARN_64_TO_32_BIT_CONVERSION = YES;
				GCC_WARN_ABOUT_RETURN_TYPE = YES_ERROR;
				GCC_WARN_UNDECLARED_SELECTOR = YES;
				GCC_WARN_UNINITIALIZED_AUTOS = YES_AGGRESSIVE;
				GCC_WARN_UNUSED_FUNCTION = YES;
				GCC_WARN_UNUSED_VARIABLE = YES;
				IPHONEOS_DEPLOYMENT_TARGET = 14.0;
				MTL_ENABLE_DEBUG_INFO = NO;
				MTL_FAST_MATH = YES;
				SDKROOT = iphoneos;
				SWIFT_COMPILATION_MODE = wholemodule;
				SWIFT_OPTIMIZATION_LEVEL = "-O";
				VALIDATE_PRODUCT = YES;
			};
			name = Release;
		};
		16E55195252E164000639CCD /* Debug */ = {
			isa = XCBuildConfiguration;
			buildSettings = {
				ASSETCATALOG_COMPILER_APPICON_NAME = AppIcon;
				ASSETCATALOG_COMPILER_GLOBAL_ACCENT_COLOR_NAME = AccentColor;
				CODE_SIGN_STYLE = Automatic;
				DEVELOPMENT_TEAM = U5MDQP9G89;
				INFOPLIST_FILE = project/Info.plist;
				LD_RUNPATH_SEARCH_PATHS = (
					"$(inherited)",
					"@executable_path/Frameworks",
				);
				PRODUCT_BUNDLE_IDENTIFIER = com.pkw.project;
				PRODUCT_NAME = "$(TARGET_NAME)";
				SWIFT_VERSION = 5.0;
				TARGETED_DEVICE_FAMILY = "1,2";
			};
			name = Debug;
		};
		16E55196252E164000639CCD /* Release */ = {
			isa = XCBuildConfiguration;
			buildSettings = {
				ASSETCATALOG_COMPILER_APPICON_NAME = AppIcon;
				ASSETCATALOG_COMPILER_GLOBAL_ACCENT_COLOR_NAME = AccentColor;
				CODE_SIGN_STYLE = Automatic;
				DEVELOPMENT_TEAM = U5MDQP9G89;
				INFOPLIST_FILE = project/Info.plist;
				LD_RUNPATH_SEARCH_PATHS = (
					"$(inherited)",
					"@executable_path/Frameworks",
				);
				PRODUCT_BUNDLE_IDENTIFIER = com.pkw.project;
				PRODUCT_NAME = "$(TARGET_NAME)";
				SWIFT_VERSION = 5.0;
				TARGETED_DEVICE_FAMILY = "1,2";
			};
			name = Release;
		};
		16E55198252E164000639CCD /* Debug */ = {
			isa = XCBuildConfiguration;
			buildSettings = {
				ALWAYS_EMBED_SWIFT_STANDARD_LIBRARIES = YES;
				BUNDLE_LOADER = "$(TEST_HOST)";
				CODE_SIGN_STYLE = Automatic;
				DEVELOPMENT_TEAM = U5MDQP9G89;
				INFOPLIST_FILE = projectTests/Info.plist;
				IPHONEOS_DEPLOYMENT_TARGET = 14.0;
				LD_RUNPATH_SEARCH_PATHS = (
					"$(inherited)",
					"@executable_path/Frameworks",
					"@loader_path/Frameworks",
				);
				PRODUCT_BUNDLE_IDENTIFIER = com.pkw.projectTests;
				PRODUCT_NAME = "$(TARGET_NAME)";
				SWIFT_VERSION = 5.0;
				TARGETED_DEVICE_FAMILY = "1,2";
				TEST_HOST = "$(BUILT_PRODUCTS_DIR)/project.app/project";
			};
			name = Debug;
		};
		16E55199252E164000639CCD /* Release */ = {
			isa = XCBuildConfiguration;
			buildSettings = {
				ALWAYS_EMBED_SWIFT_STANDARD_LIBRARIES = YES;
				BUNDLE_LOADER = "$(TEST_HOST)";
				CODE_SIGN_STYLE = Automatic;
				DEVELOPMENT_TEAM = U5MDQP9G89;
				INFOPLIST_FILE = projectTests/Info.plist;
				IPHONEOS_DEPLOYMENT_TARGET = 14.0;
				LD_RUNPATH_SEARCH_PATHS = (
					"$(inherited)",
					"@executable_path/Frameworks",
					"@loader_path/Frameworks",
				);
				PRODUCT_BUNDLE_IDENTIFIER = com.pkw.projectTests;
				PRODUCT_NAME = "$(TARGET_NAME)";
				SWIFT_VERSION = 5.0;
				TARGETED_DEVICE_FAMILY = "1,2";
				TEST_HOST = "$(BUILT_PRODUCTS_DIR)/project.app/project";
			};
			name = Release;
		};
		16E5519B252E164000639CCD /* Debug */ = {
			isa = XCBuildConfiguration;
			buildSettings = {
				ALWAYS_EMBED_SWIFT_STANDARD_LIBRARIES = YES;
				CODE_SIGN_STYLE = Automatic;
				DEVELOPMENT_TEAM = U5MDQP9G89;
				INFOPLIST_FILE = projectUITests/Info.plist;
				LD_RUNPATH_SEARCH_PATHS = (
					"$(inherited)",
					"@executable_path/Frameworks",
					"@loader_path/Frameworks",
				);
				PRODUCT_BUNDLE_IDENTIFIER = com.pkw.projectUITests;
				PRODUCT_NAME = "$(TARGET_NAME)";
				SWIFT_VERSION = 5.0;
				TARGETED_DEVICE_FAMILY = "1,2";
				TEST_TARGET_NAME = project;
			};
			name = Debug;
		};
		16E5519C252E164000639CCD /* Release */ = {
			isa = XCBuildConfiguration;
			buildSettings = {
				ALWAYS_EMBED_SWIFT_STANDARD_LIBRARIES = YES;
				CODE_SIGN_STYLE = Automatic;
				DEVELOPMENT_TEAM = U5MDQP9G89;
				INFOPLIST_FILE = projectUITests/Info.plist;
				LD_RUNPATH_SEARCH_PATHS = (
					"$(inherited)",
					"@executable_path/Frameworks",
					"@loader_path/Frameworks",
				);
				PRODUCT_BUNDLE_IDENTIFIER = com.pkw.projectUITests;
				PRODUCT_NAME = "$(TARGET_NAME)";
				SWIFT_VERSION = 5.0;
				TARGETED_DEVICE_FAMILY = "1,2";
				TEST_TARGET_NAME = project;
			};
			name = Release;
		};
/* End XCBuildConfiguration section */

/* Begin XCConfigurationList section */
		16E55165252E163D00639CCD /* Build configuration list for PBXProject "project" */ = {
			isa = XCConfigurationList;
			buildConfigurations = (
				16E55192252E164000639CCD /* Debug */,
				16E55193252E164000639CCD /* Release */,
			);
			defaultConfigurationIsVisible = 0;
			defaultConfigurationName = Release;
		};
		16E55194252E164000639CCD /* Build configuration list for PBXNativeTarget "project" */ = {
			isa = XCConfigurationList;
			buildConfigurations = (
				16E55195252E164000639CCD /* Debug */,
				16E55196252E164000639CCD /* Release */,
			);
			defaultConfigurationIsVisible = 0;
			defaultConfigurationName = Release;
		};
		16E55197252E164000639CCD /* Build configuration list for PBXNativeTarget "projectTests" */ = {
			isa = XCConfigurationList;
			buildConfigurations = (
				16E55198252E164000639CCD /* Debug */,
				16E55199252E164000639CCD /* Release */,
			);
			defaultConfigurationIsVisible = 0;
			defaultConfigurationName = Release;
		};
		16E5519A252E164000639CCD /* Build configuration list for PBXNativeTarget "projectUITests" */ = {
			isa = XCConfigurationList;
			buildConfigurations = (
				16E5519B252E164000639CCD /* Debug */,
				16E5519C252E164000639CCD /* Release */,
			);
			defaultConfigurationIsVisible = 0;
			defaultConfigurationName = Release;
		};
/* End XCConfigurationList section */
	};
	rootObject = 16E55162252E163D00639CCD /* Project object */;
}
